// !$*UTF8*$!
{
	archiveVersion = 1;
	classes = {
	};
	objectVersion = 46;
	objects = {

/* Begin PBXBuildFile section */
		277A8C221AC5FE0800DBF2A0 /* main.m in Sources */ = {isa = PBXBuildFile; fileRef = 277A8C211AC5FE0800DBF2A0 /* main.m */; };
		277A8C251AC5FE0800DBF2A0 /* AppDelegate.m in Sources */ = {isa = PBXBuildFile; fileRef = 277A8C241AC5FE0800DBF2A0 /* AppDelegate.m */; };
		277A8C281AC5FE0800DBF2A0 /* ViewController.m in Sources */ = {isa = PBXBuildFile; fileRef = 277A8C271AC5FE0800DBF2A0 /* ViewController.m */; };
		277A8C2B1AC5FE0800DBF2A0 /* Main.storyboard in Resources */ = {isa = PBXBuildFile; fileRef = 277A8C291AC5FE0800DBF2A0 /* Main.storyboard */; };
		277A8C2D1AC5FE0800DBF2A0 /* Images.xcassets in Resources */ = {isa = PBXBuildFile; fileRef = 277A8C2C1AC5FE0800DBF2A0 /* Images.xcassets */; };
		277A8C301AC5FE0800DBF2A0 /* LaunchScreen.xib in Resources */ = {isa = PBXBuildFile; fileRef = 277A8C2E1AC5FE0800DBF2A0 /* LaunchScreen.xib */; };
		277A8C3C1AC5FE0900DBF2A0 /* MMCustomAlertView_DemoTests.m in Sources */ = {isa = PBXBuildFile; fileRef = 277A8C3B1AC5FE0900DBF2A0 /* MMCustomAlertView_DemoTests.m */; };
		277A8C471AC5FF3B00DBF2A0 /* MMCustomAlertView.m in Sources */ = {isa = PBXBuildFile; fileRef = 277A8C461AC5FF3B00DBF2A0 /* MMCustomAlertView.m */; };
/* End PBXBuildFile section */

/* Begin PBXContainerItemProxy section */
		277A8C361AC5FE0900DBF2A0 /* PBXContainerItemProxy */ = {
			isa = PBXContainerItemProxy;
			containerPortal = 277A8C141AC5FE0800DBF2A0 /* Project object */;
			proxyType = 1;
			remoteGlobalIDString = 277A8C1B1AC5FE0800DBF2A0;
			remoteInfo = "MMCustomAlertView-Demo";
		};
/* End PBXContainerItemProxy section */

/* Begin PBXFileReference section */
		277A8C1C1AC5FE0800DBF2A0 /* MMCustomAlertView-Demo.app */ = {isa = PBXFileReference; explicitFileType = wrapper.application; includeInIndex = 0; path = "MMCustomAlertView-Demo.app"; sourceTree = BUILT_PRODUCTS_DIR; };
		277A8C201AC5FE0800DBF2A0 /* Info.plist */ = {isa = PBXFileReference; lastKnownFileType = text.plist.xml; path = Info.plist; sourceTree = "<group>"; };
		277A8C211AC5FE0800DBF2A0 /* main.m */ = {isa = PBXFileReference; lastKnownFileType = sourcecode.c.objc; path = main.m; sourceTree = "<group>"; };
		277A8C231AC5FE0800DBF2A0 /* AppDelegate.h */ = {isa = PBXFileReference; lastKnownFileType = sourcecode.c.h; path = AppDelegate.h; sourceTree = "<group>"; };
		277A8C241AC5FE0800DBF2A0 /* AppDelegate.m */ = {isa = PBXFileReference; lastKnownFileType = sourcecode.c.objc; path = AppDelegate.m; sourceTree = "<group>"; };
		277A8C261AC5FE0800DBF2A0 /* ViewController.h */ = {isa = PBXFileReference; lastKnownFileType = sourcecode.c.h; path = ViewController.h; sourceTree = "<group>"; };
		277A8C271AC5FE0800DBF2A0 /* ViewController.m */ = {isa = PBXFileReference; lastKnownFileType = sourcecode.c.objc; path = ViewController.m; sourceTree = "<group>"; };
		277A8C2A1AC5FE0800DBF2A0 /* Base */ = {isa = PBXFileReference; lastKnownFileType = file.storyboard; name = Base; path = Base.lproj/Main.storyboard; sourceTree = "<group>"; };
		277A8C2C1AC5FE0800DBF2A0 /* Images.xcassets */ = {isa = PBXFileReference; lastKnownFileType = folder.assetcatalog; path = Images.xcassets; sourceTree = "<group>"; };
		277A8C2F1AC5FE0800DBF2A0 /* Base */ = {isa = PBXFileReference; lastKnownFileType = file.xib; name = Base; path = Base.lproj/LaunchScreen.xib; sourceTree = "<group>"; };
		277A8C351AC5FE0900DBF2A0 /* MMCustomAlertView-DemoTests.xctest */ = {isa = PBXFileReference; explicitFileType = wrapper.cfbundle; includeInIndex = 0; path = "MMCustomAlertView-DemoTests.xctest"; sourceTree = BUILT_PRODUCTS_DIR; };
		277A8C3A1AC5FE0900DBF2A0 /* Info.plist */ = {isa = PBXFileReference; lastKnownFileType = text.plist.xml; path = Info.plist; sourceTree = "<group>"; };
		277A8C3B1AC5FE0900DBF2A0 /* MMCustomAlertView_DemoTests.m */ = {isa = PBXFileReference; lastKnownFileType = sourcecode.c.objc; path = MMCustomAlertView_DemoTests.m; sourceTree = "<group>"; };
		277A8C451AC5FF3B00DBF2A0 /* MMCustomAlertView.h */ = {isa = PBXFileReference; fileEncoding = 4; lastKnownFileType = sourcecode.c.h; name = MMCustomAlertView.h; path = ../../MMCustomAlertView.h; sourceTree = "<group>"; };
		277A8C461AC5FF3B00DBF2A0 /* MMCustomAlertView.m */ = {isa = PBXFileReference; fileEncoding = 4; lastKnownFileType = sourcecode.c.objc; name = MMCustomAlertView.m; path = ../../MMCustomAlertView.m; sourceTree = "<group>"; };
/* End PBXFileReference section */

/* Begin PBXFrameworksBuildPhase section */
		277A8C191AC5FE0800DBF2A0 /* Frameworks */ = {
			isa = PBXFrameworksBuildPhase;
			buildActionMask = 2147483647;
			files = (
			);
			runOnlyForDeploymentPostprocessing = 0;
		};
		277A8C321AC5FE0900DBF2A0 /* Frameworks */ = {
			isa = PBXFrameworksBuildPhase;
			buildActionMask = 2147483647;
			files = (
			);
			runOnlyForDeploymentPostprocessing = 0;
		};
/* End PBXFrameworksBuildPhase section */

/* Begin PBXGroup section */
		277A8C131AC5FE0800DBF2A0 = {
			isa = PBXGroup;
			children = (
				277A8C1E1AC5FE0800DBF2A0 /* MMCustomAlertView-Demo */,
				277A8C381AC5FE0900DBF2A0 /* MMCustomAlertView-DemoTests */,
				277A8C1D1AC5FE0800DBF2A0 /* Products */,
			);
			sourceTree = "<group>";
		};
		277A8C1D1AC5FE0800DBF2A0 /* Products */ = {
			isa = PBXGroup;
			children = (
				277A8C1C1AC5FE0800DBF2A0 /* MMCustomAlertView-Demo.app */,
				277A8C351AC5FE0900DBF2A0 /* MMCustomAlertView-DemoTests.xctest */,
			);
			name = Products;
			sourceTree = "<group>";
		};
		277A8C1E1AC5FE0800DBF2A0 /* MMCustomAlertView-Demo */ = {
			isa = PBXGroup;
			children = (
				277A8C451AC5FF3B00DBF2A0 /* MMCustomAlertView.h */,
				277A8C461AC5FF3B00DBF2A0 /* MMCustomAlertView.m */,
				277A8C231AC5FE0800DBF2A0 /* AppDelegate.h */,
				277A8C241AC5FE0800DBF2A0 /* AppDelegate.m */,
				277A8C261AC5FE0800DBF2A0 /* ViewController.h */,
				277A8C271AC5FE0800DBF2A0 /* ViewController.m */,
				277A8C291AC5FE0800DBF2A0 /* Main.storyboard */,
				277A8C2C1AC5FE0800DBF2A0 /* Images.xcassets */,
				277A8C2E1AC5FE0800DBF2A0 /* LaunchScreen.xib */,
				277A8C1F1AC5FE0800DBF2A0 /* Supporting Files */,
			);
			path = "MMCustomAlertView-Demo";
			sourceTree = "<group>";
		};
		277A8C1F1AC5FE0800DBF2A0 /* Supporting Files */ = {
			isa = PBXGroup;
			children = (
				277A8C201AC5FE0800DBF2A0 /* Info.plist */,
				277A8C211AC5FE0800DBF2A0 /* main.m */,
			);
			name = "Supporting Files";
			sourceTree = "<group>";
		};
		277A8C381AC5FE0900DBF2A0 /* MMCustomAlertView-DemoTests */ = {
			isa = PBXGroup;
			children = (
				277A8C3B1AC5FE0900DBF2A0 /* MMCustomAlertView_DemoTests.m */,
				277A8C391AC5FE0900DBF2A0 /* Supporting Files */,
			);
			path = "MMCustomAlertView-DemoTests";
			sourceTree = "<group>";
		};
		277A8C391AC5FE0900DBF2A0 /* Supporting Files */ = {
			isa = PBXGroup;
			children = (
				277A8C3A1AC5FE0900DBF2A0 /* Info.plist */,
			);
			name = "Supporting Files";
			sourceTree = "<group>";
		};
/* End PBXGroup section */

/* Begin PBXNativeTarget section */
		277A8C1B1AC5FE0800DBF2A0 /* MMCustomAlertView-Demo */ = {
			isa = PBXNativeTarget;
			buildConfigurationList = 277A8C3F1AC5FE0900DBF2A0 /* Build configuration list for PBXNativeTarget "MMCustomAlertView-Demo" */;
			buildPhases = (
				277A8C181AC5FE0800DBF2A0 /* Sources */,
				277A8C191AC5FE0800DBF2A0 /* Frameworks */,
				277A8C1A1AC5FE0800DBF2A0 /* Resources */,
			);
			buildRules = (
			);
			dependencies = (
			);
			name = "MMCustomAlertView-Demo";
			productName = "MMCustomAlertView-Demo";
			productReference = 277A8C1C1AC5FE0800DBF2A0 /* MMCustomAlertView-Demo.app */;
			productType = "com.apple.product-type.application";
		};
		277A8C341AC5FE0900DBF2A0 /* MMCustomAlertView-DemoTests */ = {
			isa = PBXNativeTarget;
			buildConfigurationList = 277A8C421AC5FE0900DBF2A0 /* Build configuration list for PBXNativeTarget "MMCustomAlertView-DemoTests" */;
			buildPhases = (
				277A8C311AC5FE0900DBF2A0 /* Sources */,
				277A8C321AC5FE0900DBF2A0 /* Frameworks */,
				277A8C331AC5FE0900DBF2A0 /* Resources */,
			);
			buildRules = (
			);
			dependencies = (
				277A8C371AC5FE0900DBF2A0 /* PBXTargetDependency */,
			);
			name = "MMCustomAlertView-DemoTests";
			productName = "MMCustomAlertView-DemoTests";
			productReference = 277A8C351AC5FE0900DBF2A0 /* MMCustomAlertView-DemoTests.xctest */;
			productType = "com.apple.product-type.bundle.unit-test";
		};
/* End PBXNativeTarget section */

/* Begin PBXProject section */
		277A8C141AC5FE0800DBF2A0 /* Project object */ = {
			isa = PBXProject;
			attributes = {
				LastUpgradeCheck = 0720;
				ORGANIZATIONNAME = Miksoft;
				TargetAttributes = {
					277A8C1B1AC5FE0800DBF2A0 = {
						CreatedOnToolsVersion = 6.1;
					};
					277A8C341AC5FE0900DBF2A0 = {
						CreatedOnToolsVersion = 6.1;
						TestTargetID = 277A8C1B1AC5FE0800DBF2A0;
					};
				};
			};
			buildConfigurationList = 277A8C171AC5FE0800DBF2A0 /* Build configuration list for PBXProject "MMCustomAlertView-Demo" */;
			compatibilityVersion = "Xcode 3.2";
			developmentRegion = English;
			hasScannedForEncodings = 0;
			knownRegions = (
				en,
				Base,
			);
			mainGroup = 277A8C131AC5FE0800DBF2A0;
			productRefGroup = 277A8C1D1AC5FE0800DBF2A0 /* Products */;
			projectDirPath = "";
			projectRoot = "";
			targets = (
				277A8C1B1AC5FE0800DBF2A0 /* MMCustomAlertView-Demo */,
				277A8C341AC5FE0900DBF2A0 /* MMCustomAlertView-DemoTests */,
			);
		};
/* End PBXProject section */

/* Begin PBXResourcesBuildPhase section */
		277A8C1A1AC5FE0800DBF2A0 /* Resources */ = {
			isa = PBXResourcesBuildPhase;
			buildActionMask = 2147483647;
			files = (
				277A8C2B1AC5FE0800DBF2A0 /* Main.storyboard in Resources */,
				277A8C301AC5FE0800DBF2A0 /* LaunchScreen.xib in Resources */,
				277A8C2D1AC5FE0800DBF2A0 /* Images.xcassets in Resources */,
			);
			runOnlyForDeploymentPostprocessing = 0;
		};
		277A8C331AC5FE0900DBF2A0 /* Resources */ = {
			isa = PBXResourcesBuildPhase;
			buildActionMask = 2147483647;
			files = (
			);
			runOnlyForDeploymentPostprocessing = 0;
		};
/* End PBXResourcesBuildPhase section */

/* Begin PBXSourcesBuildPhase section */
		277A8C181AC5FE0800DBF2A0 /* Sources */ = {
			isa = PBXSourcesBuildPhase;
			buildActionMask = 2147483647;
			files = (
				277A8C281AC5FE0800DBF2A0 /* ViewController.m in Sources */,
				277A8C251AC5FE0800DBF2A0 /* AppDelegate.m in Sources */,
				277A8C471AC5FF3B00DBF2A0 /* MMCustomAlertView.m in Sources */,
				277A8C221AC5FE0800DBF2A0 /* main.m in Sources */,
			);
			runOnlyForDeploymentPostprocessing = 0;
		};
		277A8C311AC5FE0900DBF2A0 /* Sources */ = {
			isa = PBXSourcesBuildPhase;
			buildActionMask = 2147483647;
			files = (
				277A8C3C1AC5FE0900DBF2A0 /* MMCustomAlertView_DemoTests.m in Sources */,
			);
			runOnlyForDeploymentPostprocessing = 0;
		};
/* End PBXSourcesBuildPhase section */

/* Begin PBXTargetDependency section */
		277A8C371AC5FE0900DBF2A0 /* PBXTargetDependency */ = {
			isa = PBXTargetDependency;
			target = 277A8C1B1AC5FE0800DBF2A0 /* MMCustomAlertView-Demo */;
			targetProxy = 277A8C361AC5FE0900DBF2A0 /* PBXContainerItemProxy */;
		};
/* End PBXTargetDependency section */

/* Begin PBXVariantGroup section */
		277A8C291AC5FE0800DBF2A0 /* Main.storyboard */ = {
			isa = PBXVariantGroup;
			children = (
				277A8C2A1AC5FE0800DBF2A0 /* Base */,
			);
			name = Main.storyboard;
			sourceTree = "<group>";
		};
		277A8C2E1AC5FE0800DBF2A0 /* LaunchScreen.xib */ = {
			isa = PBXVariantGroup;
			children = (
				277A8C2F1AC5FE0800DBF2A0 /* Base */,
			);
			name = LaunchScreen.xib;
			sourceTree = "<group>";
		};
/* End PBXVariantGroup section */

/* Begin XCBuildConfiguration section */
		277A8C3D1AC5FE0900DBF2A0 /* Debug */ = {
			isa = XCBuildConfiguration;
			buildSettings = {
				ALWAYS_SEARCH_USER_PATHS = NO;
				CLANG_CXX_LANGUAGE_STANDARD = "gnu++0x";
				CLANG_CXX_LIBRARY = "libc++";
				CLANG_ENABLE_MODULES = YES;
				CLANG_ENABLE_OBJC_ARC = YES;
				CLANG_WARN_BOOL_CONVERSION = YES;
				CLANG_WARN_CONSTANT_CONVERSION = YES;
				CLANG_WARN_DIRECT_OBJC_ISA_USAGE = YES_ERROR;
				CLANG_WARN_DOCUMENTATION_COMMENTS = YES;
				CLANG_WARN_EMPTY_BODY = YES;
				CLANG_WARN_ENUM_CONVERSION = YES;
				CLANG_WARN_INT_CONVERSION = YES;
				CLANG_WARN_OBJC_ROOT_CLASS = YES_ERROR;
				CLANG_WARN_UNREACHABLE_CODE = YES;
				CLANG_WARN__DUPLICATE_METHOD_MATCH = YES;
				"CODE_SIGN_IDENTITY[sdk=iphoneos*]" = "iPhone Developer";
				COPY_PHASE_STRIP = NO;
				ENABLE_STRICT_OBJC_MSGSEND = YES;
				ENABLE_TESTABILITY = YES;
				GCC_C_LANGUAGE_STANDARD = gnu99;
				GCC_DYNAMIC_NO_PIC = NO;
				GCC_OPTIMIZATION_LEVEL = 0;
				GCC_PREPROCESSOR_DEFINITIONS = (
					"DEBUG=1",
					"$(inherited)",
				);
				GCC_SYMBOLS_PRIVATE_EXTERN = NO;
				GCC_WARN_64_TO_32_BIT_CONVERSION = YES;
				GCC_WARN_ABOUT_RETURN_TYPE = YES_ERROR;
				GCC_WARN_UNDECLARED_SELECTOR = YES;
				GCC_WARN_UNINITIALIZED_AUTOS = YES_AGGRESSIVE;
				GCC_WARN_UNUSED_FUNCTION = YES;
				GCC_WARN_UNUSED_VARIABLE = YES;
				IPHONEOS_DEPLOYMENT_TARGET = 8.1;
				MTL_ENABLE_DEBUG_INFO = YES;
				ONLY_ACTIVE_ARCH = YES;
				SDKROOT = iphoneos;
			};
			name = Debug;
		};
		277A8C3E1AC5FE0900DBF2A0 /* Release */ = {
			isa = XCBuildConfiguration;
			buildSettings = {
				ALWAYS_SEARCH_USER_PATHS = NO;
				CLANG_CXX_LANGUAGE_STANDARD = "gnu++0x";
				CLANG_CXX_LIBRARY = "libc++";
				CLANG_ENABLE_MODULES = YES;
				CLANG_ENABLE_OBJC_ARC = YES;
				CLANG_WARN_BOOL_CONVERSION = YES;
				CLANG_WARN_CONSTANT_CONVERSION = YES;
				CLANG_WARN_DIRECT_OBJC_ISA_USAGE = YES_ERROR;
				CLANG_WARN_DOCUMENTATION_COMMENTS = YES;
				CLANG_WARN_EMPTY_BODY = YES;
				CLANG_WARN_ENUM_CONVERSION = YES;
				CLANG_WARN_INT_CONVERSION = YES;
				CLANG_WARN_OBJC_ROOT_CLASS = YES_ERROR;
				CLANG_WARN_UNREACHABLE_CODE = YES;
				CLANG_WARN__DUPLICATE_METHOD_MATCH = YES;
				"CODE_SIGN_IDENTITY[sdk=iphoneos*]" = "iPhone Developer";
				COPY_PHASE_STRIP = YES;
				ENABLE_NS_ASSERTIONS = NO;
				ENABLE_STRICT_OBJC_MSGSEND = YES;
				GCC_C_LANGUAGE_STANDARD = gnu99;
				GCC_WARN_64_TO_32_BIT_CONVERSION = YES;
				GCC_WARN_ABOUT_RETURN_TYPE = YES_ERROR;
				GCC_WARN_UNDECLARED_SELECTOR = YES;
				GCC_WARN_UNINITIALIZED_AUTOS = YES_AGGRESSIVE;
				GCC_WARN_UNUSED_FUNCTION = YES;
				GCC_WARN_UNUSED_VARIABLE = YES;
				IPHONEOS_DEPLOYMENT_TARGET = 8.1;
				MTL_ENABLE_DEBUG_INFO = NO;
				SDKROOT = iphoneos;
				VALIDATE_PRODUCT = YES;
			};
			name = Release;
		};
		277A8C401AC5FE0900DBF2A0 /* Debug */ = {
			isa = XCBuildConfiguration;
			buildSettings = {
				ASSETCATALOG_COMPILER_APPICON_NAME = AppIcon;
				INFOPLIST_FILE = "MMCustomAlertView-Demo/Info.plist";
				LD_RUNPATH_SEARCH_PATHS = "$(inherited) @executable_path/Frameworks";
				PRODUCT_BUNDLE_IDENTIFIER = "com.miksoft.$(PRODUCT_NAME:rfc1034identifier)";
				PRODUCT_NAME = "$(TARGET_NAME)";
			};
			name = Debug;
		};
		277A8C411AC5FE0900DBF2A0 /* Release */ = {
			isa = XCBuildConfiguration;
			buildSettings = {
				ASSETCATALOG_COMPILER_APPICON_NAME = AppIcon;
				INFOPLIST_FILE = "MMCustomAlertView-Demo/Info.plist";
				LD_RUNPATH_SEARCH_PATHS = "$(inherited) @executable_path/Frameworks";
				PRODUCT_BUNDLE_IDENTIFIER = "com.miksoft.$(PRODUCT_NAME:rfc1034identifier)";
				PRODUCT_NAME = "$(TARGET_NAME)";
			};
			name = Release;
		};
		277A8C431AC5FE0900DBF2A0 /* Debug */ = {
			isa = XCBuildConfiguration;
			buildSettings = {
				BUNDLE_LOADER = "$(TEST_HOST)";
				FRAMEWORK_SEARCH_PATHS = (
					"$(SDKROOT)/Developer/Library/Frameworks",
					"$(inherited)",
				);
				GCC_PREPROCESSOR_DEFINITIONS = (
					"DEBUG=1",
					"$(inherited)",
				);
				INFOPLIST_FILE = "MMCustomAlertView-DemoTests/Info.plist";
				LD_RUNPATH_SEARCH_PATHS = "$(inherited) @executable_path/Frameworks @loader_path/Frameworks";
				PRODUCT_BUNDLE_IDENTIFIER = "com.miksoft.$(PRODUCT_NAME:rfc1034identifier)";
				PRODUCT_NAME = "$(TARGET_NAME)";
				TEST_HOST = "$(BUILT_PRODUCTS_DIR)/MMCustomAlertView-Demo.app/MMCustomAlertView-Demo";
			};
			name = Debug;
		};
		277A8C441AC5FE0900DBF2A0 /* Release */ = {
			isa = XCBuildConfiguration;
			buildSettings = {
				BUNDLE_LOADER = "$(TEST_HOST)";
				FRAMEWORK_SEARCH_PATHS = (
					"$(SDKROOT)/Developer/Library/Frameworks",
					"$(inherited)",
				);
				INFOPLIST_FILE = "MMCustomAlertView-DemoTests/Info.plist";
				LD_RUNPATH_SEARCH_PATHS = "$(inherited) @executable_path/Frameworks @loader_path/Frameworks";
				PRODUCT_BUNDLE_IDENTIFIER = "com.miksoft.$(PRODUCT_NAME:rfc1034identifier)";
				PRODUCT_NAME = "$(TARGET_NAME)";
				TEST_HOST = "$(BUILT_PRODUCTS_DIR)/MMCustomAlertView-Demo.app/MMCustomAlertView-Demo";
			};
			name = Release;
		};
/* End XCBuildConfiguration section */

/* Begin XCConfigurationList section */
		277A8C171AC5FE0800DBF2A0 /* Build configuration list for PBXProject "MMCustomAlertView-Demo" */ = {
			isa = XCConfigurationList;
			buildConfigurations = (
				277A8C3D1AC5FE0900DBF2A0 /* Debug */,
				277A8C3E1AC5FE0900DBF2A0 /* Release */,
			);
			defaultConfigurationIsVisible = 0;
			defaultConfigurationName = Release;
		};
		277A8C3F1AC5FE0900DBF2A0 /* Build configuration list for PBXNativeTarget "MMCustomAlertView-Demo" */ = {
			isa = XCConfigurationList;
			buildConfigurations = (
				277A8C401AC5FE0900DBF2A0 /* Debug */,
				277A8C411AC5FE0900DBF2A0 /* Release */,
			);
			defaultConfigurationIsVisible = 0;
			defaultConfigurationName = Release;
		};
		277A8C421AC5FE0900DBF2A0 /* Build configuration list for PBXNativeTarget "MMCustomAlertView-DemoTests" */ = {
			isa = XCConfigurationList;
			buildConfigurations = (
				277A8C431AC5FE0900DBF2A0 /* Debug */,
				277A8C441AC5FE0900DBF2A0 /* Release */,
			);
			defaultConfigurationIsVisible = 0;
			defaultConfigurationName = Release;
		};
/* End XCConfigurationList section */
	};
	rootObject = 277A8C141AC5FE0800DBF2A0 /* Project object */;
}
